
Microsoft Visual Studio Solution File, Format Version 12.00
# Visual Studio Version 17
VisualStudioVersion = 17.13.35919.96
MinimumVisualStudioVersion = 10.0.40219.1
Project("{FAE04EC0-301F-11D3-BF4B-00C04F79EFBC}") = "Notification.App", "Notification.App\Notification.App.csproj", "{5B65ECDD-909F-9AC8-3D18-2F07AF0A252F}"
EndProject
Global
	GlobalSection(SolutionConfigurationPlatforms) = preSolution
		Debug|Any CPU = Debug|Any CPU
		Release|Any CPU = Release|Any CPU
	EndGlobalSection
	GlobalSection(ProjectConfigurationPlatforms) = postSolution
		{5B65ECDD-909F-9AC8-3D18-2F07AF0A252F}.Debug|Any CPU.ActiveCfg = Debug|Any CPU
		{5B65ECDD-909F-9AC8-3D18-2F07AF0A252F}.Debug|Any CPU.Build.0 = Debug|Any CPU
		{5B65ECDD-909F-9AC8-3D18-2F07AF0A252F}.Release|Any CPU.ActiveCfg = Release|Any CPU
		{5B65ECDD-909F-9AC8-3D18-2F07AF0A252F}.Release|Any CPU.Build.0 = Release|Any CPU
	EndGlobalSection
	GlobalSection(SolutionProperties) = preSolution
		HideSolutionNode = FALSE
	EndGlobalSection
	GlobalSection(ExtensibilityGlobals) = postSolution
		SolutionGuid = {4E8AA589-62F1-4AF8-BA39-774E469D41C2}
	EndGlobalSection
EndGlobal
