
Microsoft Visual Studio Solution File, Format Version 12.00
# Visual Studio Version 17
VisualStudioVersion = 17.13.35919.96 d17.13
MinimumVisualStudioVersion = 10.0.40219.1
Project("{FAE04EC0-301F-11D3-BF4B-00C04F79EFBC}") = "Driver.App", "Driver.App\Driver.App.csproj", "{44CD2CA5-E85B-4BE6-9198-AEDEB95DFA04}"
EndProject
Global
	GlobalSection(SolutionConfigurationPlatforms) = preSolution
		Debug|Any CPU = Debug|Any CPU
		Release|Any CPU = Release|Any CPU
	EndGlobalSection
	GlobalSection(ProjectConfigurationPlatforms) = postSolution
		{44CD2CA5-E85B-4BE6-9198-AEDEB95DFA04}.Debug|Any CPU.ActiveCfg = Debug|Any CPU
		{44CD2CA5-E85B-4BE6-9198-AEDEB95DFA04}.Debug|Any CPU.Build.0 = Debug|Any CPU
		{44CD2CA5-E85B-4BE6-9198-AEDEB95DFA04}.Release|Any CPU.ActiveCfg = Release|Any CPU
		{44CD2CA5-E85B-4BE6-9198-AEDEB95DFA04}.Release|Any CPU.Build.0 = Release|Any CPU
	EndGlobalSection
	GlobalSection(SolutionProperties) = preSolution
		HideSolutionNode = FALSE
	EndGlobalSection
	GlobalSection(ExtensibilityGlobals) = postSolution
		SolutionGuid = {4E8AA589-62F1-4AF8-BA39-774E469D41C2}
	EndGlobalSection
EndGlobal
