
Microsoft Visual Studio Solution File, Format Version 12.00
# Visual Studio Version 17
VisualStudioVersion = 17.13.35919.96
MinimumVisualStudioVersion = 10.0.40219.1
Project("{FAE04EC0-301F-11D3-BF4B-00C04F79EFBC}") = "User", "User\User.csproj", "{645A2EB2-774C-3FB1-E638-6444A3939E2B}"
EndProject
Global
	GlobalSection(SolutionConfigurationPlatforms) = preSolution
		Debug|Any CPU = Debug|Any CPU
		Release|Any CPU = Release|Any CPU
	EndGlobalSection
	GlobalSection(ProjectConfigurationPlatforms) = postSolution
		{645A2EB2-774C-3FB1-E638-6444A3939E2B}.Debug|Any CPU.ActiveCfg = Debug|Any CPU
		{645A2EB2-774C-3FB1-E638-6444A3939E2B}.Debug|Any CPU.Build.0 = Debug|Any CPU
		{645A2EB2-774C-3FB1-E638-6444A3939E2B}.Release|Any CPU.ActiveCfg = Release|Any CPU
		{645A2EB2-774C-3FB1-E638-6444A3939E2B}.Release|Any CPU.Build.0 = Release|Any CPU
	EndGlobalSection
	GlobalSection(SolutionProperties) = preSolution
		HideSolutionNode = FALSE
	EndGlobalSection
	GlobalSection(ExtensibilityGlobals) = postSolution
		SolutionGuid = {CE6D8E83-3612-4115-9397-DC878DB080AA}
	EndGlobalSection
EndGlobal
